Microsoft Visual Studio Solution File, Format Version 12.00
# Visual Studio Version 17
VisualStudioVersion = 17.3.32825.248
MinimumVisualStudioVersion = 10.0.40219.1
Project("{9A19103F-16F7-4668-BE54-9A1E7A4F7556}") = "threadstasks", "threadstasks\threadstasks.csproj", "{AFFA97A2-2845-456F-A435-72B0A0C93495}"
EndProject
Project("{FAE04EC0-301F-11D3-BF4B-00C04F79EFBC}") = "matrix", "matrix\matrix.csproj", "{6BB4F5DA-9D6B-4327-921C-E6B1F333171B}"
EndProject
Project("{FAE04EC0-301F-11D3-BF4B-00C04F79EFBC}") = "mandelbrot", "mandelbrot\mandelbrot.csproj", "{9F0107F6-7367-4D90-8FDB-ADE4333301E6}"
EndProject
Project("{FAE04EC0-301F-11D3-BF4B-00C04F79EFBC}") = "SocketsPaint", "SocketsPaint\SocketsPaint.csproj", "{0503564E-FDAC-4D34-B153-4F23C7496124}"
EndProject
Project("{FAE04EC0-301F-11D3-BF4B-00C04F79EFBC}") = "PaintServer", "PaintServer\PaintServer.csproj", "{6824E83F-315D-4CBC-A59F-98E068133E49}"
EndProject
Project("{FAE04EC0-301F-11D3-BF4B-00C04F79EFBC}") = "SocketsPaintClient", "SocketsPaintClient\SocketsPaintClient.csproj", "{5C52C766-F179-4EDC-85C1-888C92355A71}"
EndProject
Global
	GlobalSection(SolutionConfigurationPlatforms) = preSolution
		Debug|Any CPU = Debug|Any CPU
		Release|Any CPU = Release|Any CPU
	EndGlobalSection
	GlobalSection(ProjectConfigurationPlatforms) = postSolution
		{AFFA97A2-2845-456F-A435-72B0A0C93495}.Debug|Any CPU.ActiveCfg = Debug|Any CPU
		{AFFA97A2-2845-456F-A435-72B0A0C93495}.Debug|Any CPU.Build.0 = Debug|Any CPU
		{AFFA97A2-2845-456F-A435-72B0A0C93495}.Release|Any CPU.ActiveCfg = Release|Any CPU
		{AFFA97A2-2845-456F-A435-72B0A0C93495}.Release|Any CPU.Build.0 = Release|Any CPU
		{6BB4F5DA-9D6B-4327-921C-E6B1F333171B}.Debug|Any CPU.ActiveCfg = Debug|Any CPU
		{6BB4F5DA-9D6B-4327-921C-E6B1F333171B}.Debug|Any CPU.Build.0 = Debug|Any CPU
		{6BB4F5DA-9D6B-4327-921C-E6B1F333171B}.Release|Any CPU.ActiveCfg = Release|Any CPU
		{6BB4F5DA-9D6B-4327-921C-E6B1F333171B}.Release|Any CPU.Build.0 = Release|Any CPU
		{9F0107F6-7367-4D90-8FDB-ADE4333301E6}.Debug|Any CPU.ActiveCfg = Debug|Any CPU
		{9F0107F6-7367-4D90-8FDB-ADE4333301E6}.Debug|Any CPU.Build.0 = Debug|Any CPU
		{9F0107F6-7367-4D90-8FDB-ADE4333301E6}.Release|Any CPU.ActiveCfg = Release|Any CPU
		{9F0107F6-7367-4D90-8FDB-ADE4333301E6}.Release|Any CPU.Build.0 = Release|Any CPU
		{0503564E-FDAC-4D34-B153-4F23C7496124}.Debug|Any CPU.ActiveCfg = Debug|Any CPU
		{0503564E-FDAC-4D34-B153-4F23C7496124}.Debug|Any CPU.Build.0 = Debug|Any CPU
		{0503564E-FDAC-4D34-B153-4F23C7496124}.Release|Any CPU.ActiveCfg = Release|Any CPU
		{0503564E-FDAC-4D34-B153-4F23C7496124}.Release|Any CPU.Build.0 = Release|Any CPU
		{6824E83F-315D-4CBC-A59F-98E068133E49}.Debug|Any CPU.ActiveCfg = Debug|Any CPU
		{6824E83F-315D-4CBC-A59F-98E068133E49}.Debug|Any CPU.Build.0 = Debug|Any CPU
		{6824E83F-315D-4CBC-A59F-98E068133E49}.Release|Any CPU.ActiveCfg = Release|Any CPU
		{6824E83F-315D-4CBC-A59F-98E068133E49}.Release|Any CPU.Build.0 = Release|Any CPU
		{5C52C766-F179-4EDC-85C1-888C92355A71}.Debug|Any CPU.ActiveCfg = Debug|Any CPU
		{5C52C766-F179-4EDC-85C1-888C92355A71}.Debug|Any CPU.Build.0 = Debug|Any CPU
		{5C52C766-F179-4EDC-85C1-888C92355A71}.Release|Any CPU.ActiveCfg = Release|Any CPU
		{5C52C766-F179-4EDC-85C1-888C92355A71}.Release|Any CPU.Build.0 = Release|Any CPU
	EndGlobalSection
	GlobalSection(SolutionProperties) = preSolution
		HideSolutionNode = FALSE
	EndGlobalSection
	GlobalSection(ExtensibilityGlobals) = postSolution
		SolutionGuid = {0AE7A0F8-984F-4461-8942-8C065CD04EB4}
	EndGlobalSection
EndGlobal
